
Microsoft Visual Studio Solution File, Format Version 12.00
# Visual Studio Version 16
VisualStudioVersion = 16.0.31105.61
MinimumVisualStudioVersion = 10.0.40219.1
Project("{FAE04EC0-301F-11D3-BF4B-00C04F79EFBC}") = "Calculadora", "Calculadora\Calculadora.csproj", "{97DB99C4-827F-4CD1-9F83-DA9EC87F5F89}"
EndProject
Global
	GlobalSection(SolutionConfigurationPlatforms) = preSolution
		Debug|Any CPU = Debug|Any CPU
		Release|Any CPU = Release|Any CPU
	EndGlobalSection
	GlobalSection(ProjectConfigurationPlatforms) = postSolution
		{97DB99C4-827F-4CD1-9F83-DA9EC87F5F89}.Debug|Any CPU.ActiveCfg = Debug|Any CPU
		{97DB99C4-827F-4CD1-9F83-DA9EC87F5F89}.Debug|Any CPU.Build.0 = Debug|Any CPU
		{97DB99C4-827F-4CD1-9F83-DA9EC87F5F89}.Release|Any CPU.ActiveCfg = Release|Any CPU
		{97DB99C4-827F-4CD1-9F83-DA9EC87F5F89}.Release|Any CPU.Build.0 = Release|Any CPU
	EndGlobalSection
	GlobalSection(SolutionProperties) = preSolution
		HideSolutionNode = FALSE
	EndGlobalSection
	GlobalSection(ExtensibilityGlobals) = postSolution
		SolutionGuid = {98FD02C4-1F9F-40F7-9A9A-2740F9401E61}
	EndGlobalSection
EndGlobal
